
Microsoft Visual Studio Solution File, Format Version 12.00
# Visual Studio Version 17
VisualStudioVersion = 17.9.34622.214
MinimumVisualStudioVersion = 10.0.40219.1
Project("{2150E333-8FDC-42A3-9474-1A3956D46DE8}") = "ModuleManagement", "ModuleManagement", "{B2F37E4B-3A65-438B-AC7D-B9908EAEDCF2}"
EndProject
Project("{2150E333-8FDC-42A3-9474-1A3956D46DE8}") = "Base", "Base", "{CEA3A858-A996-4228-BFAF-5574AC3CDC4B}"
EndProject
Project("{FAE04EC0-301F-11D3-BF4B-00C04F79EFBC}") = "SLK.XClinic.WebHost", "SLK.XClinic.WebHost\SLK.XClinic.WebHost.csproj", "{7C759477-F4C0-365D-EB3D-220A2F02CE01}"
	ProjectSection(ProjectDependencies) = postProject
		{57AD74CD-295C-6A48-6829-976F100DAEA0} = {57AD74CD-295C-6A48-6829-976F100DAEA0}
	EndProjectSection
EndProject
Project("{FAE04EC0-301F-11D3-BF4B-00C04F79EFBC}") = "SLK.XClinic.WebApp", "SLK.XClinic.WebApp\SLK.XClinic.WebApp.csproj", "{306C464F-65EE-2FFB-39A1-67654F5E510D}"
EndProject
Project("{FAE04EC0-301F-11D3-BF4B-00C04F79EFBC}") = "SLK.XClinic.ModuleManagement", "SLK.XClinic.ModuleManagement\SLK.XClinic.ModuleManagement.csproj", "{4548805B-3E0D-6458-B1D3-DE5F23F921C1}"
EndProject
Project("{FAE04EC0-301F-11D3-BF4B-00C04F79EFBC}") = "SLK.XClinic.ModuleManagementBlazor", "SLK.XClinic.ModuleManagementBlazor\SLK.XClinic.ModuleManagementBlazor.csproj", "{A051782D-1561-D0AB-3488-B548404C948B}"
EndProject
Project("{FAE04EC0-301F-11D3-BF4B-00C04F79EFBC}") = "SLK.XClinic.ModuleManagementCore", "SLK.XClinic.ModuleManagementCore\SLK.XClinic.ModuleManagementCore.csproj", "{695D60FF-502B-2D11-32B1-8E07881984B8}"
EndProject
Project("{FAE04EC0-301F-11D3-BF4B-00C04F79EFBC}") = "SLK.XClinic.Abstract", "SLK.XClinic.Abstract\SLK.XClinic.Abstract.csproj", "{234D9448-04A9-6437-1005-EFAF229DD90B}"
EndProject
Project("{FAE04EC0-301F-11D3-BF4B-00C04F79EFBC}") = "SLK.XClinic.Base", "SLK.XClinic.Base\SLK.XClinic.Base.csproj", "{FE9997CF-E787-9727-D037-063842E7237D}"
EndProject
Project("{FAE04EC0-301F-11D3-BF4B-00C04F79EFBC}") = "SLK.XClinic.Db", "SLK.XClinic.Db\SLK.XClinic.Db.csproj", "{B9034242-3F77-3124-4C89-891CD7A5003F}"
EndProject
Project("{2150E333-8FDC-42A3-9474-1A3956D46DE8}") = "ModuleEmployee", "ModuleEmployee", "{02EA681E-C7D8-13C7-8484-4AC65E1B71E8}"
EndProject
Project("{FAE04EC0-301F-11D3-BF4B-00C04F79EFBC}") = "SLK.XClinic.ModuleEmployee", "SLK.XClinic.ModuleEmployee\SLK.XClinic.ModuleEmployee.csproj", "{137CF3DB-AD3F-78F0-CC4D-5D5A22D23323}"
EndProject
Project("{FAE04EC0-301F-11D3-BF4B-00C04F79EFBC}") = "SLK.XClinic.ModuleEmployeeBlazor", "SLK.XClinic.ModuleEmployeeBlazor\SLK.XClinic.ModuleEmployeeBlazor.csproj", "{34F4C2A5-05EC-2642-C1C3-7C6E81093180}"
EndProject
Project("{FAE04EC0-301F-11D3-BF4B-00C04F79EFBC}") = "SLK.XClinic.ModuleEmployeeCore", "SLK.XClinic.ModuleEmployeeCore\SLK.XClinic.ModuleEmployeeCore.csproj", "{8AD5F8CA-6517-6124-4E77-3FB9317CD5D3}"
EndProject
Project("{2150E333-8FDC-42A3-9474-1A3956D46DE8}") = "ModuleSetting", "ModuleSetting", "{98E185D4-42E0-48A1-B1AC-76E449780193}"
EndProject
Project("{FAE04EC0-301F-11D3-BF4B-00C04F79EFBC}") = "SLK.XClinic.ModuleSettingBlazor", "SLK.XClinic.ModuleSettingBlazor\SLK.XClinic.ModuleSettingBlazor.csproj", "{756EA879-42D5-3FAE-7329-654F9B1D9445}"
EndProject
Project("{FAE04EC0-301F-11D3-BF4B-00C04F79EFBC}") = "SLK.XClinic.ModuleSettingCore", "SLK.XClinic.ModuleSettingCore\SLK.XClinic.ModuleSettingCore.csproj", "{3A4A9A86-D5D1-3E2C-1EBC-11FA06A76E76}"
EndProject
Project("{FAE04EC0-301F-11D3-BF4B-00C04F79EFBC}") = "SLK.XClinic.ModuleSetting", "SLK.XClinic.ModuleSetting\SLK.XClinic.ModuleSetting.csproj", "{3E3B0F4C-FCC3-D8D1-2993-158BB29281F7}"
EndProject
Project("{2150E333-8FDC-42A3-9474-1A3956D46DE8}") = "ModuleVeternay", "ModuleVeternay", "{2EDFCE49-E5F7-4E7A-912F-7397C0A20B2A}"
EndProject
Project("{FAE04EC0-301F-11D3-BF4B-00C04F79EFBC}") = "SLK.XClinic.ModuleVeternay", "SLK.XClinic.ModuleVeternay\SLK.XClinic.ModuleVeternay.csproj", "{57AD74CD-295C-6A48-6829-976F100DAEA0}"
EndProject
Project("{FAE04EC0-301F-11D3-BF4B-00C04F79EFBC}") = "SLK.XClinic.ModuleVeternayBlazor", "SLK.XClinic.ModuleVeternayBlazor\SLK.XClinic.ModuleVeternayBlazor.csproj", "{86BD2CE3-20D5-06A9-5E0E-0DD892313478}"
EndProject
Project("{FAE04EC0-301F-11D3-BF4B-00C04F79EFBC}") = "SLK.XClinic.ModuleVeternayCore", "SLK.XClinic.ModuleVeternayCore\SLK.XClinic.ModuleVeternayCore.csproj", "{87F12602-DBCB-482C-29B2-2D7802CAB538}"
EndProject
Global
	GlobalSection(SolutionConfigurationPlatforms) = preSolution
		Debug|Any CPU = Debug|Any CPU
		Release|Any CPU = Release|Any CPU
	EndGlobalSection
	GlobalSection(ProjectConfigurationPlatforms) = postSolution
		{7C759477-F4C0-365D-EB3D-220A2F02CE01}.Debug|Any CPU.ActiveCfg = Debug|Any CPU
		{7C759477-F4C0-365D-EB3D-220A2F02CE01}.Debug|Any CPU.Build.0 = Debug|Any CPU
		{7C759477-F4C0-365D-EB3D-220A2F02CE01}.Release|Any CPU.ActiveCfg = Release|Any CPU
		{7C759477-F4C0-365D-EB3D-220A2F02CE01}.Release|Any CPU.Build.0 = Release|Any CPU
		{306C464F-65EE-2FFB-39A1-67654F5E510D}.Debug|Any CPU.ActiveCfg = Debug|Any CPU
		{306C464F-65EE-2FFB-39A1-67654F5E510D}.Debug|Any CPU.Build.0 = Debug|Any CPU
		{306C464F-65EE-2FFB-39A1-67654F5E510D}.Release|Any CPU.ActiveCfg = Release|Any CPU
		{306C464F-65EE-2FFB-39A1-67654F5E510D}.Release|Any CPU.Build.0 = Release|Any CPU
		{4548805B-3E0D-6458-B1D3-DE5F23F921C1}.Debug|Any CPU.ActiveCfg = Debug|Any CPU
		{4548805B-3E0D-6458-B1D3-DE5F23F921C1}.Debug|Any CPU.Build.0 = Debug|Any CPU
		{4548805B-3E0D-6458-B1D3-DE5F23F921C1}.Release|Any CPU.ActiveCfg = Release|Any CPU
		{4548805B-3E0D-6458-B1D3-DE5F23F921C1}.Release|Any CPU.Build.0 = Release|Any CPU
		{A051782D-1561-D0AB-3488-B548404C948B}.Debug|Any CPU.ActiveCfg = Debug|Any CPU
		{A051782D-1561-D0AB-3488-B548404C948B}.Debug|Any CPU.Build.0 = Debug|Any CPU
		{A051782D-1561-D0AB-3488-B548404C948B}.Release|Any CPU.ActiveCfg = Release|Any CPU
		{A051782D-1561-D0AB-3488-B548404C948B}.Release|Any CPU.Build.0 = Release|Any CPU
		{695D60FF-502B-2D11-32B1-8E07881984B8}.Debug|Any CPU.ActiveCfg = Debug|Any CPU
		{695D60FF-502B-2D11-32B1-8E07881984B8}.Debug|Any CPU.Build.0 = Debug|Any CPU
		{695D60FF-502B-2D11-32B1-8E07881984B8}.Release|Any CPU.ActiveCfg = Release|Any CPU
		{695D60FF-502B-2D11-32B1-8E07881984B8}.Release|Any CPU.Build.0 = Release|Any CPU
		{234D9448-04A9-6437-1005-EFAF229DD90B}.Debug|Any CPU.ActiveCfg = Debug|Any CPU
		{234D9448-04A9-6437-1005-EFAF229DD90B}.Debug|Any CPU.Build.0 = Debug|Any CPU
		{234D9448-04A9-6437-1005-EFAF229DD90B}.Release|Any CPU.ActiveCfg = Release|Any CPU
		{234D9448-04A9-6437-1005-EFAF229DD90B}.Release|Any CPU.Build.0 = Release|Any CPU
		{FE9997CF-E787-9727-D037-063842E7237D}.Debug|Any CPU.ActiveCfg = Debug|Any CPU
		{FE9997CF-E787-9727-D037-063842E7237D}.Debug|Any CPU.Build.0 = Debug|Any CPU
		{FE9997CF-E787-9727-D037-063842E7237D}.Release|Any CPU.ActiveCfg = Release|Any CPU
		{FE9997CF-E787-9727-D037-063842E7237D}.Release|Any CPU.Build.0 = Release|Any CPU
		{B9034242-3F77-3124-4C89-891CD7A5003F}.Debug|Any CPU.ActiveCfg = Debug|Any CPU
		{B9034242-3F77-3124-4C89-891CD7A5003F}.Debug|Any CPU.Build.0 = Debug|Any CPU
		{B9034242-3F77-3124-4C89-891CD7A5003F}.Release|Any CPU.ActiveCfg = Release|Any CPU
		{B9034242-3F77-3124-4C89-891CD7A5003F}.Release|Any CPU.Build.0 = Release|Any CPU
		{137CF3DB-AD3F-78F0-CC4D-5D5A22D23323}.Debug|Any CPU.ActiveCfg = Debug|Any CPU
		{137CF3DB-AD3F-78F0-CC4D-5D5A22D23323}.Debug|Any CPU.Build.0 = Debug|Any CPU
		{137CF3DB-AD3F-78F0-CC4D-5D5A22D23323}.Release|Any CPU.ActiveCfg = Release|Any CPU
		{137CF3DB-AD3F-78F0-CC4D-5D5A22D23323}.Release|Any CPU.Build.0 = Release|Any CPU
		{34F4C2A5-05EC-2642-C1C3-7C6E81093180}.Debug|Any CPU.ActiveCfg = Debug|Any CPU
		{34F4C2A5-05EC-2642-C1C3-7C6E81093180}.Debug|Any CPU.Build.0 = Debug|Any CPU
		{34F4C2A5-05EC-2642-C1C3-7C6E81093180}.Release|Any CPU.ActiveCfg = Release|Any CPU
		{34F4C2A5-05EC-2642-C1C3-7C6E81093180}.Release|Any CPU.Build.0 = Release|Any CPU
		{8AD5F8CA-6517-6124-4E77-3FB9317CD5D3}.Debug|Any CPU.ActiveCfg = Debug|Any CPU
		{8AD5F8CA-6517-6124-4E77-3FB9317CD5D3}.Debug|Any CPU.Build.0 = Debug|Any CPU
		{8AD5F8CA-6517-6124-4E77-3FB9317CD5D3}.Release|Any CPU.ActiveCfg = Release|Any CPU
		{8AD5F8CA-6517-6124-4E77-3FB9317CD5D3}.Release|Any CPU.Build.0 = Release|Any CPU
		{756EA879-42D5-3FAE-7329-654F9B1D9445}.Debug|Any CPU.ActiveCfg = Debug|Any CPU
		{756EA879-42D5-3FAE-7329-654F9B1D9445}.Debug|Any CPU.Build.0 = Debug|Any CPU
		{756EA879-42D5-3FAE-7329-654F9B1D9445}.Release|Any CPU.ActiveCfg = Release|Any CPU
		{756EA879-42D5-3FAE-7329-654F9B1D9445}.Release|Any CPU.Build.0 = Release|Any CPU
		{3A4A9A86-D5D1-3E2C-1EBC-11FA06A76E76}.Debug|Any CPU.ActiveCfg = Debug|Any CPU
		{3A4A9A86-D5D1-3E2C-1EBC-11FA06A76E76}.Debug|Any CPU.Build.0 = Debug|Any CPU
		{3A4A9A86-D5D1-3E2C-1EBC-11FA06A76E76}.Release|Any CPU.ActiveCfg = Release|Any CPU
		{3A4A9A86-D5D1-3E2C-1EBC-11FA06A76E76}.Release|Any CPU.Build.0 = Release|Any CPU
		{3E3B0F4C-FCC3-D8D1-2993-158BB29281F7}.Debug|Any CPU.ActiveCfg = Debug|Any CPU
		{3E3B0F4C-FCC3-D8D1-2993-158BB29281F7}.Debug|Any CPU.Build.0 = Debug|Any CPU
		{3E3B0F4C-FCC3-D8D1-2993-158BB29281F7}.Release|Any CPU.ActiveCfg = Release|Any CPU
		{3E3B0F4C-FCC3-D8D1-2993-158BB29281F7}.Release|Any CPU.Build.0 = Release|Any CPU
		{57AD74CD-295C-6A48-6829-976F100DAEA0}.Debug|Any CPU.ActiveCfg = Debug|Any CPU
		{57AD74CD-295C-6A48-6829-976F100DAEA0}.Debug|Any CPU.Build.0 = Debug|Any CPU
		{57AD74CD-295C-6A48-6829-976F100DAEA0}.Release|Any CPU.ActiveCfg = Release|Any CPU
		{57AD74CD-295C-6A48-6829-976F100DAEA0}.Release|Any CPU.Build.0 = Release|Any CPU
		{86BD2CE3-20D5-06A9-5E0E-0DD892313478}.Debug|Any CPU.ActiveCfg = Debug|Any CPU
		{86BD2CE3-20D5-06A9-5E0E-0DD892313478}.Debug|Any CPU.Build.0 = Debug|Any CPU
		{86BD2CE3-20D5-06A9-5E0E-0DD892313478}.Release|Any CPU.ActiveCfg = Release|Any CPU
		{86BD2CE3-20D5-06A9-5E0E-0DD892313478}.Release|Any CPU.Build.0 = Release|Any CPU
		{87F12602-DBCB-482C-29B2-2D7802CAB538}.Debug|Any CPU.ActiveCfg = Debug|Any CPU
		{87F12602-DBCB-482C-29B2-2D7802CAB538}.Debug|Any CPU.Build.0 = Debug|Any CPU
		{87F12602-DBCB-482C-29B2-2D7802CAB538}.Release|Any CPU.ActiveCfg = Release|Any CPU
		{87F12602-DBCB-482C-29B2-2D7802CAB538}.Release|Any CPU.Build.0 = Release|Any CPU
	EndGlobalSection
	GlobalSection(SolutionProperties) = preSolution
		HideSolutionNode = FALSE
	EndGlobalSection
	GlobalSection(NestedProjects) = preSolution
		{4548805B-3E0D-6458-B1D3-DE5F23F921C1} = {B2F37E4B-3A65-438B-AC7D-B9908EAEDCF2}
		{A051782D-1561-D0AB-3488-B548404C948B} = {B2F37E4B-3A65-438B-AC7D-B9908EAEDCF2}
		{695D60FF-502B-2D11-32B1-8E07881984B8} = {B2F37E4B-3A65-438B-AC7D-B9908EAEDCF2}
		{234D9448-04A9-6437-1005-EFAF229DD90B} = {CEA3A858-A996-4228-BFAF-5574AC3CDC4B}
		{FE9997CF-E787-9727-D037-063842E7237D} = {CEA3A858-A996-4228-BFAF-5574AC3CDC4B}
		{B9034242-3F77-3124-4C89-891CD7A5003F} = {CEA3A858-A996-4228-BFAF-5574AC3CDC4B}
		{137CF3DB-AD3F-78F0-CC4D-5D5A22D23323} = {02EA681E-C7D8-13C7-8484-4AC65E1B71E8}
		{34F4C2A5-05EC-2642-C1C3-7C6E81093180} = {02EA681E-C7D8-13C7-8484-4AC65E1B71E8}
		{8AD5F8CA-6517-6124-4E77-3FB9317CD5D3} = {02EA681E-C7D8-13C7-8484-4AC65E1B71E8}
		{756EA879-42D5-3FAE-7329-654F9B1D9445} = {98E185D4-42E0-48A1-B1AC-76E449780193}
		{3A4A9A86-D5D1-3E2C-1EBC-11FA06A76E76} = {98E185D4-42E0-48A1-B1AC-76E449780193}
		{3E3B0F4C-FCC3-D8D1-2993-158BB29281F7} = {98E185D4-42E0-48A1-B1AC-76E449780193}
		{57AD74CD-295C-6A48-6829-976F100DAEA0} = {2EDFCE49-E5F7-4E7A-912F-7397C0A20B2A}
		{86BD2CE3-20D5-06A9-5E0E-0DD892313478} = {2EDFCE49-E5F7-4E7A-912F-7397C0A20B2A}
		{87F12602-DBCB-482C-29B2-2D7802CAB538} = {2EDFCE49-E5F7-4E7A-912F-7397C0A20B2A}
	EndGlobalSection
	GlobalSection(ExtensibilityGlobals) = postSolution
		SolutionGuid = {4DC6ACC2-41E0-4C6B-8043-D84B88495393}
	EndGlobalSection
EndGlobal
